
Microsoft Visual Studio Solution File, Format Version 12.00
# Visual Studio Version 17
VisualStudioVersion = 17.13.35931.197
MinimumVisualStudioVersion = 10.0.40219.1
Project("{2150E333-8FDC-42A3-9474-1A3956D46DE8}") = "src", "src", "{02EA681E-C7D8-13C7-8484-4AC65E1B71E8}"
EndProject
Project("{2150E333-8FDC-42A3-9474-1A3956D46DE8}") = "Api", "Api", "{8EE99ABF-91B6-4983-B82F-26C5EF0F3FE3}"
EndProject
Project("{2150E333-8FDC-42A3-9474-1A3956D46DE8}") = "Core", "Core", "{09387638-B47C-49B7-B05D-F022C35F76E3}"
EndProject
Project("{FAE04EC0-301F-11D3-BF4B-00C04F79EFBC}") = "BlozorSozluk.Api.Application", "src\Api\Core\BlozorSozluk.Api.Application\BlozorSozluk.Api.Application.csproj", "{9EB71994-73C0-44AD-B8A3-7C6CFE212903}"
EndProject
Project("{FAE04EC0-301F-11D3-BF4B-00C04F79EFBC}") = "BlozorSozluk.Api.Domain", "src\Api\Core\BlozorSozluk.Api.Domain\BlozorSozluk.Api.Domain.csproj", "{F1781026-E461-4DC0-8F8F-A1F95A612708}"
EndProject
Project("{2150E333-8FDC-42A3-9474-1A3956D46DE8}") = "Clients", "Clients", "{3584694A-2E24-4737-99ED-9AA7605EA859}"
EndProject
Project("{2150E333-8FDC-42A3-9474-1A3956D46DE8}") = "Common", "Common", "{E616D8D3-F731-4F92-9E26-6A3D8DA844BB}"
EndProject
Project("{2150E333-8FDC-42A3-9474-1A3956D46DE8}") = "Projections", "Projections", "{070DDA92-EB4C-4C6E-8CA3-CDC449605C0A}"
EndProject
Project("{2150E333-8FDC-42A3-9474-1A3956D46DE8}") = "BlazorWeb", "BlazorWeb", "{8985A9E5-D867-4265-A70F-9A0C0A30706A}"
EndProject
Project("{FAE04EC0-301F-11D3-BF4B-00C04F79EFBC}") = "BlozorSozluk.Common", "src\Common\BlozorSozluk.Common\BlozorSozluk.Common.csproj", "{AA78866A-F727-43EB-B05F-EE4D524FC102}"
EndProject
Project("{2150E333-8FDC-42A3-9474-1A3956D46DE8}") = "Infrastructure", "Infrastructure", "{68E1033E-931E-4BD5-A080-D6FC43F7D0B0}"
EndProject
Project("{FAE04EC0-301F-11D3-BF4B-00C04F79EFBC}") = "BlozorSozluk.Infrastructure.Persistence", "src\Api\Infrastructure\BlozorSozluk.Infrastructure.Persistence\BlozorSozluk.Infrastructure.Persistence.csproj", "{082AAD02-94A8-4FBB-A16F-C3D7C184507E}"
EndProject
Project("{2150E333-8FDC-42A3-9474-1A3956D46DE8}") = "WebApi", "WebApi", "{854AB700-10BE-4C8F-B7D9-B9D0F277AFAD}"
EndProject
Project("{FAE04EC0-301F-11D3-BF4B-00C04F79EFBC}") = "BlazorSozluk.Api.WebApi", "src\Api\WebApi\BlazorSozluk.Api.WebApi\BlazorSozluk.Api.WebApi.csproj", "{6AF806AF-56EB-490D-8980-88DE207B83A2}"
EndProject
Project("{FAE04EC0-301F-11D3-BF4B-00C04F79EFBC}") = "BlazorSozluk.Projections.FavoriteService", "src\Projections\BlazorSozluk.Projections.FavoriteService\BlazorSozluk.Projections.FavoriteService.csproj", "{E1C852FB-6082-41DF-99F7-69A81A4F3454}"
EndProject
Project("{FAE04EC0-301F-11D3-BF4B-00C04F79EFBC}") = "BlazorSozluk.Projections.UserService", "src\Projections\BlazorSozluk.Projections.UserService\BlazorSozluk.Projections.UserService.csproj", "{FF96A5FB-9926-4C48-8C14-7D972B3B8CCA}"
EndProject
Project("{FAE04EC0-301F-11D3-BF4B-00C04F79EFBC}") = "BlazorSozluk.Projections.VoteService", "src\Projections\BlazorSozluk.Projections.VoteService\BlazorSozluk.Projections.VoteService.csproj", "{C5499660-5A6F-4C19-AB9E-AD0F291BD428}"
EndProject
Project("{FAE04EC0-301F-11D3-BF4B-00C04F79EFBC}") = "BlazorSozluk.WebApp", "src\Clients\BlazorWeb\BlazorSozluk.WebApp\BlazorSozluk.WebApp.csproj", "{332E190A-7554-48C3-B6BC-E01A3715B515}"
EndProject
Project("{FAE04EC0-301F-11D3-BF4B-00C04F79EFBC}") = "BlazorSozluk.Projections.AppUser", "src\Projections\BlazorSozluk.Projections.AppUser\BlazorSozluk.Projections.AppUser.csproj", "{3B347192-59BD-4F9F-B4C3-50C3C49F1882}"
EndProject
Global
	GlobalSection(SolutionConfigurationPlatforms) = preSolution
		Debug|Any CPU = Debug|Any CPU
		Release|Any CPU = Release|Any CPU
	EndGlobalSection
	GlobalSection(ProjectConfigurationPlatforms) = postSolution
		{9EB71994-73C0-44AD-B8A3-7C6CFE212903}.Debug|Any CPU.ActiveCfg = Debug|Any CPU
		{9EB71994-73C0-44AD-B8A3-7C6CFE212903}.Debug|Any CPU.Build.0 = Debug|Any CPU
		{9EB71994-73C0-44AD-B8A3-7C6CFE212903}.Release|Any CPU.ActiveCfg = Release|Any CPU
		{9EB71994-73C0-44AD-B8A3-7C6CFE212903}.Release|Any CPU.Build.0 = Release|Any CPU
		{F1781026-E461-4DC0-8F8F-A1F95A612708}.Debug|Any CPU.ActiveCfg = Debug|Any CPU
		{F1781026-E461-4DC0-8F8F-A1F95A612708}.Debug|Any CPU.Build.0 = Debug|Any CPU
		{F1781026-E461-4DC0-8F8F-A1F95A612708}.Release|Any CPU.ActiveCfg = Release|Any CPU
		{F1781026-E461-4DC0-8F8F-A1F95A612708}.Release|Any CPU.Build.0 = Release|Any CPU
		{AA78866A-F727-43EB-B05F-EE4D524FC102}.Debug|Any CPU.ActiveCfg = Debug|Any CPU
		{AA78866A-F727-43EB-B05F-EE4D524FC102}.Debug|Any CPU.Build.0 = Debug|Any CPU
		{AA78866A-F727-43EB-B05F-EE4D524FC102}.Release|Any CPU.ActiveCfg = Release|Any CPU
		{AA78866A-F727-43EB-B05F-EE4D524FC102}.Release|Any CPU.Build.0 = Release|Any CPU
		{082AAD02-94A8-4FBB-A16F-C3D7C184507E}.Debug|Any CPU.ActiveCfg = Debug|Any CPU
		{082AAD02-94A8-4FBB-A16F-C3D7C184507E}.Debug|Any CPU.Build.0 = Debug|Any CPU
		{082AAD02-94A8-4FBB-A16F-C3D7C184507E}.Release|Any CPU.ActiveCfg = Release|Any CPU
		{082AAD02-94A8-4FBB-A16F-C3D7C184507E}.Release|Any CPU.Build.0 = Release|Any CPU
		{6AF806AF-56EB-490D-8980-88DE207B83A2}.Debug|Any CPU.ActiveCfg = Debug|Any CPU
		{6AF806AF-56EB-490D-8980-88DE207B83A2}.Debug|Any CPU.Build.0 = Debug|Any CPU
		{6AF806AF-56EB-490D-8980-88DE207B83A2}.Release|Any CPU.ActiveCfg = Release|Any CPU
		{6AF806AF-56EB-490D-8980-88DE207B83A2}.Release|Any CPU.Build.0 = Release|Any CPU
		{E1C852FB-6082-41DF-99F7-69A81A4F3454}.Debug|Any CPU.ActiveCfg = Debug|Any CPU
		{E1C852FB-6082-41DF-99F7-69A81A4F3454}.Debug|Any CPU.Build.0 = Debug|Any CPU
		{E1C852FB-6082-41DF-99F7-69A81A4F3454}.Release|Any CPU.ActiveCfg = Release|Any CPU
		{E1C852FB-6082-41DF-99F7-69A81A4F3454}.Release|Any CPU.Build.0 = Release|Any CPU
		{FF96A5FB-9926-4C48-8C14-7D972B3B8CCA}.Debug|Any CPU.ActiveCfg = Debug|Any CPU
		{FF96A5FB-9926-4C48-8C14-7D972B3B8CCA}.Debug|Any CPU.Build.0 = Debug|Any CPU
		{FF96A5FB-9926-4C48-8C14-7D972B3B8CCA}.Release|Any CPU.ActiveCfg = Release|Any CPU
		{FF96A5FB-9926-4C48-8C14-7D972B3B8CCA}.Release|Any CPU.Build.0 = Release|Any CPU
		{C5499660-5A6F-4C19-AB9E-AD0F291BD428}.Debug|Any CPU.ActiveCfg = Debug|Any CPU
		{C5499660-5A6F-4C19-AB9E-AD0F291BD428}.Debug|Any CPU.Build.0 = Debug|Any CPU
		{C5499660-5A6F-4C19-AB9E-AD0F291BD428}.Release|Any CPU.ActiveCfg = Release|Any CPU
		{C5499660-5A6F-4C19-AB9E-AD0F291BD428}.Release|Any CPU.Build.0 = Release|Any CPU
		{332E190A-7554-48C3-B6BC-E01A3715B515}.Debug|Any CPU.ActiveCfg = Debug|Any CPU
		{332E190A-7554-48C3-B6BC-E01A3715B515}.Debug|Any CPU.Build.0 = Debug|Any CPU
		{332E190A-7554-48C3-B6BC-E01A3715B515}.Release|Any CPU.ActiveCfg = Release|Any CPU
		{332E190A-7554-48C3-B6BC-E01A3715B515}.Release|Any CPU.Build.0 = Release|Any CPU
		{3B347192-59BD-4F9F-B4C3-50C3C49F1882}.Debug|Any CPU.ActiveCfg = Debug|Any CPU
		{3B347192-59BD-4F9F-B4C3-50C3C49F1882}.Debug|Any CPU.Build.0 = Debug|Any CPU
		{3B347192-59BD-4F9F-B4C3-50C3C49F1882}.Release|Any CPU.ActiveCfg = Release|Any CPU
		{3B347192-59BD-4F9F-B4C3-50C3C49F1882}.Release|Any CPU.Build.0 = Release|Any CPU
	EndGlobalSection
	GlobalSection(SolutionProperties) = preSolution
		HideSolutionNode = FALSE
	EndGlobalSection
	GlobalSection(NestedProjects) = preSolution
		{8EE99ABF-91B6-4983-B82F-26C5EF0F3FE3} = {02EA681E-C7D8-13C7-8484-4AC65E1B71E8}
		{09387638-B47C-49B7-B05D-F022C35F76E3} = {8EE99ABF-91B6-4983-B82F-26C5EF0F3FE3}
		{9EB71994-73C0-44AD-B8A3-7C6CFE212903} = {09387638-B47C-49B7-B05D-F022C35F76E3}
		{F1781026-E461-4DC0-8F8F-A1F95A612708} = {09387638-B47C-49B7-B05D-F022C35F76E3}
		{3584694A-2E24-4737-99ED-9AA7605EA859} = {02EA681E-C7D8-13C7-8484-4AC65E1B71E8}
		{E616D8D3-F731-4F92-9E26-6A3D8DA844BB} = {02EA681E-C7D8-13C7-8484-4AC65E1B71E8}
		{070DDA92-EB4C-4C6E-8CA3-CDC449605C0A} = {02EA681E-C7D8-13C7-8484-4AC65E1B71E8}
		{8985A9E5-D867-4265-A70F-9A0C0A30706A} = {3584694A-2E24-4737-99ED-9AA7605EA859}
		{AA78866A-F727-43EB-B05F-EE4D524FC102} = {E616D8D3-F731-4F92-9E26-6A3D8DA844BB}
		{68E1033E-931E-4BD5-A080-D6FC43F7D0B0} = {8EE99ABF-91B6-4983-B82F-26C5EF0F3FE3}
		{082AAD02-94A8-4FBB-A16F-C3D7C184507E} = {68E1033E-931E-4BD5-A080-D6FC43F7D0B0}
		{854AB700-10BE-4C8F-B7D9-B9D0F277AFAD} = {8EE99ABF-91B6-4983-B82F-26C5EF0F3FE3}
		{6AF806AF-56EB-490D-8980-88DE207B83A2} = {854AB700-10BE-4C8F-B7D9-B9D0F277AFAD}
		{E1C852FB-6082-41DF-99F7-69A81A4F3454} = {070DDA92-EB4C-4C6E-8CA3-CDC449605C0A}
		{FF96A5FB-9926-4C48-8C14-7D972B3B8CCA} = {070DDA92-EB4C-4C6E-8CA3-CDC449605C0A}
		{C5499660-5A6F-4C19-AB9E-AD0F291BD428} = {070DDA92-EB4C-4C6E-8CA3-CDC449605C0A}
		{332E190A-7554-48C3-B6BC-E01A3715B515} = {8985A9E5-D867-4265-A70F-9A0C0A30706A}
		{3B347192-59BD-4F9F-B4C3-50C3C49F1882} = {070DDA92-EB4C-4C6E-8CA3-CDC449605C0A}
	EndGlobalSection
	GlobalSection(ExtensibilityGlobals) = postSolution
		SolutionGuid = {AFE2A2AE-B41E-4D17-803B-DF6D807BB51D}
	EndGlobalSection
EndGlobal
